
Microsoft Visual Studio Solution File, Format Version 12.00
# Visual Studio 15
VisualStudioVersion = 15.0.28010.2019
MinimumVisualStudioVersion = 10.0.40219.1
Project("{FAE04EC0-301F-11D3-BF4B-00C04F79EFBC}") = "TicTacToe", "TicTacToe\TicTacToe.csproj", "{B56E8186-CF7A-4E8A-8183-35501540CE4E}"
EndProject
Global
	GlobalSection(SolutionConfigurationPlatforms) = preSolution
		Debug|Any CPU = Debug|Any CPU
		Release|Any CPU = Release|Any CPU
	EndGlobalSection
	GlobalSection(ProjectConfigurationPlatforms) = postSolution
		{B56E8186-CF7A-4E8A-8183-35501540CE4E}.Debug|Any CPU.ActiveCfg = Debug|Any CPU
		{B56E8186-CF7A-4E8A-8183-35501540CE4E}.Debug|Any CPU.Build.0 = Debug|Any CPU
		{B56E8186-CF7A-4E8A-8183-35501540CE4E}.Release|Any CPU.ActiveCfg = Release|Any CPU
		{B56E8186-CF7A-4E8A-8183-35501540CE4E}.Release|Any CPU.Build.0 = Release|Any CPU
	EndGlobalSection
	GlobalSection(SolutionProperties) = preSolution
		HideSolutionNode = FALSE
	EndGlobalSection
	GlobalSection(ExtensibilityGlobals) = postSolution
		SolutionGuid = {8DDDD28F-0B06-421F-BBE0-8C47BF9C2422}
	EndGlobalSection
EndGlobal
